
Microsoft Visual Studio Solution File, Format Version 10.00
# Visual Studio 2008
Project("{D2ABAB84-BF74-430A-B69E-9DC6D40DDA17}") = "AccoutAnalytic", "AccoutAnalytic\AccoutAnalytic.dwproj", "{6D87DF6A-F67B-4C65-874B-D78AB49ACC04}"
EndProject
Global
	GlobalSection(SolutionConfigurationPlatforms) = preSolution
		Development|Default = Development|Default
	EndGlobalSection
	GlobalSection(ProjectConfigurationPlatforms) = postSolution
		{6D87DF6A-F67B-4C65-874B-D78AB49ACC04}.Development|Default.ActiveCfg = Development
		{6D87DF6A-F67B-4C65-874B-D78AB49ACC04}.Development|Default.Build.0 = Development
		{6D87DF6A-F67B-4C65-874B-D78AB49ACC04}.Development|Default.Deploy.0 = Development
	EndGlobalSection
	GlobalSection(SolutionProperties) = preSolution
		HideSolutionNode = FALSE
	EndGlobalSection
EndGlobal
